
Microsoft Visual Studio Solution File, Format Version 12.00
# Visual Studio Version 16
VisualStudioVersion = 16.0.31112.23
MinimumVisualStudioVersion = 10.0.40219.1
Project("{FAE04EC0-301F-11D3-BF4B-00C04F79EFBC}") = "BuscaImigrante", "BuscaImigrante\BuscaImigrante.csproj", "{546D17CE-FA8B-40D6-AF3E-38907F6F93D9}"
EndProject
Global
	GlobalSection(SolutionConfigurationPlatforms) = preSolution
		Debug|Any CPU = Debug|Any CPU
		Release|Any CPU = Release|Any CPU
	EndGlobalSection
	GlobalSection(ProjectConfigurationPlatforms) = postSolution
		{546D17CE-FA8B-40D6-AF3E-38907F6F93D9}.Debug|Any CPU.ActiveCfg = Debug|Any CPU
		{546D17CE-FA8B-40D6-AF3E-38907F6F93D9}.Debug|Any CPU.Build.0 = Debug|Any CPU
		{546D17CE-FA8B-40D6-AF3E-38907F6F93D9}.Release|Any CPU.ActiveCfg = Release|Any CPU
		{546D17CE-FA8B-40D6-AF3E-38907F6F93D9}.Release|Any CPU.Build.0 = Release|Any CPU
	EndGlobalSection
	GlobalSection(SolutionProperties) = preSolution
		HideSolutionNode = FALSE
	EndGlobalSection
	GlobalSection(ExtensibilityGlobals) = postSolution
		SolutionGuid = {42F7D280-8758-4F9C-8329-FF6D4445A52A}
	EndGlobalSection
EndGlobal
